PODS:
  - Alamofire (5.4.4)
  - AlamofireNetworkActivityLogger (3.4.0):
    - Alamofire (~> 5.4.0)
  - AppAuth (1.6.0):
    - AppAuth/Core (= 1.6.0)
    - AppAuth/ExternalUserAgent (= 1.6.0)
  - AppAuth/Core (1.6.0)
  - AppAuth/ExternalUserAgent (1.6.0):
    - AppAuth/Core
  - CDAlertView (0.11.0)
  - Charts (4.1.0):
    - Charts/Core (= 4.1.0)
  - Charts/Core (4.1.0):
    - SwiftAlgorithms (~> 1.0)
  - CHTCollectionViewWaterfallLayout (0.9.10):
    - CHTCollectionViewWaterfallLayout/Swift (= 0.9.10)
  - CHTCollectionViewWaterfallLayout/Swift (0.9.10)
  - CRRefresh (1.1.3)
  - Firebase/Analytics (9.6.0):
    - Firebase/Core
  - Firebase/Auth (9.6.0):
    - Firebase/CoreOnly
    - FirebaseAuth (~> 9.6.0)
  - Firebase/Core (9.6.0):
    - Firebase/CoreOnly
    - FirebaseAnalytics (~> 9.6.0)
  - Firebase/CoreOnly (9.6.0):
    - FirebaseCore (= 9.6.0)
  - FirebaseAnalytics (9.6.0):
    - FirebaseAnalytics/AdIdSupport (= 9.6.0)
    - FirebaseCore (~> 9.0)
    - FirebaseInstallations (~> 9.0)
    - GoogleUtilities/AppDelegateSwizzler (~> 7.7)
    - GoogleUtilities/MethodSwizzler (~> 7.7)
    - GoogleUtilities/Network (~> 7.7)
    - "GoogleUtilities/NSData+zlib (~> 7.7)"
    - nanopb (< 2.30910.0, >= 2.30908.0)
  - FirebaseAnalytics/AdIdSupport (9.6.0):
    - FirebaseCore (~> 9.0)
    - FirebaseInstallations (~> 9.0)
    - GoogleAppMeasurement (= 9.6.0)
    - GoogleUtilities/AppDelegateSwizzler (~> 7.7)
    - GoogleUtilities/MethodSwizzler (~> 7.7)
    - GoogleUtilities/Network (~> 7.7)
    - "GoogleUtilities/NSData+zlib (~> 7.7)"
    - nanopb (< 2.30910.0, >= 2.30908.0)
  - FirebaseAuth (9.6.0):
    - FirebaseCore (~> 9.0)
    - GoogleUtilities/AppDelegateSwizzler (~> 7.7)
    - GoogleUtilities/Environment (~> 7.7)
    - GTMSessionFetcher/Core (< 3.0, >= 1.7)
  - FirebaseCore (9.6.0):
    - FirebaseCoreDiagnostics (~> 9.0)
    - FirebaseCoreInternal (~> 9.0)
    - GoogleUtilities/Environment (~> 7.7)
    - GoogleUtilities/Logger (~> 7.7)
  - FirebaseCoreDiagnostics (9.6.0):
    - GoogleDataTransport (< 10.0.0, >= 9.1.4)
    - GoogleUtilities/Environment (~> 7.7)
    - GoogleUtilities/Logger (~> 7.7)
    - nanopb (< 2.30910.0, >= 2.30908.0)
  - FirebaseCoreInternal (9.6.0):
    - "GoogleUtilities/NSData+zlib (~> 7.7)"
  - FirebaseInstallations (9.6.0):
    - FirebaseCore (~> 9.0)
    - GoogleUtilities/Environment (~> 7.7)
    - GoogleUtilities/UserDefaults (~> 7.7)
    - PromisesObjC (~> 2.1)
  - GoogleAppMeasurement (9.6.0):
    - GoogleAppMeasurement/AdIdSupport (= 9.6.0)
    - GoogleUtilities/AppDelegateSwizzler (~> 7.7)
    - GoogleUtilities/MethodSwizzler (~> 7.7)
    - GoogleUtilities/Network (~> 7.7)
    - "GoogleUtilities/NSData+zlib (~> 7.7)"
    - nanopb (< 2.30910.0, >= 2.30908.0)
  - GoogleAppMeasurement/AdIdSupport (9.6.0):
    - GoogleAppMeasurement/WithoutAdIdSupport (= 9.6.0)
    - GoogleUtilities/AppDelegateSwizzler (~> 7.7)
    - GoogleUtilities/MethodSwizzler (~> 7.7)
    - GoogleUtilities/Network (~> 7.7)
    - "GoogleUtilities/NSData+zlib (~> 7.7)"
    - nanopb (< 2.30910.0, >= 2.30908.0)
  - GoogleAppMeasurement/WithoutAdIdSupport (9.6.0):
    - GoogleUtilities/AppDelegateSwizzler (~> 7.7)
    - GoogleUtilities/MethodSwizzler (~> 7.7)
    - GoogleUtilities/Network (~> 7.7)
    - "GoogleUtilities/NSData+zlib (~> 7.7)"
    - nanopb (< 2.30910.0, >= 2.30908.0)
  - GoogleDataTransport (9.2.0):
    - GoogleUtilities/Environment (~> 7.7)
    - nanopb (< 2.30910.0, >= 2.30908.0)
    - PromisesObjC (< 3.0, >= 1.2)
  - GoogleSignIn (6.2.4):
    - AppAuth (~> 1.5)
    - GTMAppAuth (~> 1.3)
    - GTMSessionFetcher/Core (< 3.0, >= 1.1)
  - GoogleUtilities/AppDelegateSwizzler (7.8.0):
    - GoogleUtilities/Environment
    - GoogleUtilities/Logger
    - GoogleUtilities/Network
  - GoogleUtilities/Environment (7.8.0):
    - PromisesObjC (< 3.0, >= 1.2)
  - GoogleUtilities/Logger (7.8.0):
    - GoogleUtilities/Environment
  - GoogleUtilities/MethodSwizzler (7.8.0):
    - GoogleUtilities/Logger
  - GoogleUtilities/Network (7.8.0):
    - GoogleUtilities/Logger
    - "GoogleUtilities/NSData+zlib"
    - GoogleUtilities/Reachability
  - "GoogleUtilities/NSData+zlib (7.8.0)"
  - GoogleUtilities/Reachability (7.8.0):
    - GoogleUtilities/Logger
  - GoogleUtilities/UserDefaults (7.8.0):
    - GoogleUtilities/Logger
  - GTMAppAuth (1.3.1):
    - AppAuth/Core (~> 1.6)
    - GTMSessionFetcher/Core (< 3.0, >= 1.5)
  - GTMSessionFetcher/Core (2.1.0)
  - ImageSlideshow (1.9.2):
    - ImageSlideshow/Core (= 1.9.2)
  - ImageSlideshow/Core (1.9.2)
  - JGProgressHUD (2.2)
  - LineChart (1.0.3)
  - Loaf (0.7.0)
  - MOLH (1.4.3)
  - nanopb (2.30909.0):
    - nanopb/decode (= 2.30909.0)
    - nanopb/encode (= 2.30909.0)
  - nanopb/decode (2.30909.0)
  - nanopb/encode (2.30909.0)
  - netfox (1.21.0)
  - NVActivityIndicatorView (5.1.1):
    - NVActivityIndicatorView/Base (= 5.1.1)
  - NVActivityIndicatorView/Base (5.1.1)
  - OneSignal (3.11.2):
    - OneSignal/OneSignalCore (= 3.11.2)
    - OneSignal/OneSignalExtension (= 3.11.2)
    - OneSignal/OneSignalOutcomes (= 3.11.2)
  - OneSignal/OneSignalCore (3.11.2)
  - OneSignal/OneSignalExtension (3.11.2):
    - OneSignal/OneSignalCore
    - OneSignal/OneSignalOutcomes
  - OneSignal/OneSignalOutcomes (3.11.2):
    - OneSignal/OneSignalCore
  - PromisesObjC (2.1.1)
  - SDWebImage (5.13.4):
    - SDWebImage/Core (= 5.13.4)
  - SDWebImage/Core (5.13.4)
  - SideMenu (6.5.0)
  - StepIndicator (1.0.8)
  - SwiftAlgorithms (1.0.0)
  - TPKeyboardAvoidingSwift (3.2)

DEPENDENCIES:
  - AlamofireNetworkActivityLogger (~> 3.4)
  - CDAlertView
  - Charts
  - CHTCollectionViewWaterfallLayout
  - CRRefresh
  - Firebase/Analytics
  - Firebase/Auth
  - GoogleSignIn (>= 5.0)
  - ImageSlideshow (~> 1.9.0)
  - JGProgressHUD
  - LineChart
  - Loaf
  - MOLH
  - netfox (~> 1.21.0)
  - NVActivityIndicatorView
  - OneSignal (< 4.0, >= 3.0.0)
  - SDWebImage (~> 5.0)
  - SideMenu
  - StepIndicator (~> 1.0.8)
  - TPKeyboardAvoidingSwift

SPEC REPOS:
  trunk:
    - Alamofire
    - AlamofireNetworkActivityLogger
    - AppAuth
    - CDAlertView
    - Charts
    - CHTCollectionViewWaterfallLayout
    - CRRefresh
    - Firebase
    - FirebaseAnalytics
    - FirebaseAuth
    - FirebaseCore
    - FirebaseCoreDiagnostics
    - FirebaseCoreInternal
    - FirebaseInstallations
    - GoogleAppMeasurement
    - GoogleDataTransport
    - GoogleSignIn
    - GoogleUtilities
    - GTMAppAuth
    - GTMSessionFetcher
    - ImageSlideshow
    - JGProgressHUD
    - LineChart
    - Loaf
    - MOLH
    - nanopb
    - netfox
    - NVActivityIndicatorView
    - OneSignal
    - PromisesObjC
    - SDWebImage
    - SideMenu
    - StepIndicator
    - SwiftAlgorithms
    - TPKeyboardAvoidingSwift

SPEC CHECKSUMS:
  Alamofire: f3b09a368f1582ab751b3fff5460276e0d2cf5c9
  AlamofireNetworkActivityLogger: 162ab8aee00e6267a4304d7cc134e13ccfe3bcc5
  AppAuth: 8fca6b5563a5baef2c04bee27538025e4ceb2add
  CDAlertView: cd6624e857c85ad14560e2cd23d7eb25b983b590
  Charts: 354f86803d11d9c35de280587fef50d1af063978
  CHTCollectionViewWaterfallLayout: b989a459788d7657ac010e03bc0f7eedca95a420
  CRRefresh: 1415d4ae06837fa7bb064c44f2e102f3ef517044
  Firebase: 5ae8b7cf8efce559a653aef0ad95bab3f427c351
  FirebaseAnalytics: 89ad762c6c3852a685794174757e2c60a36b6a82
  FirebaseAuth: e4a5d3c36e778e41141b91cc861103a441d80bcc
  FirebaseCore: 2082fffcd855f95f883c0a1641133eb9bbe76d40
  FirebaseCoreDiagnostics: 99a495094b10a57eeb3ae8efa1665700ad0bdaa6
  FirebaseCoreInternal: bca76517fe1ed381e989f5e7d8abb0da8d85bed3
  FirebaseInstallations: 0a115432c4e223c5ab20b0dbbe4cbefa793a0e8e
  GoogleAppMeasurement: 6de2b1a69e4326eb82ee05d138f6a5cb7311bcb1
  GoogleDataTransport: 1c8145da7117bd68bbbed00cf304edb6a24de00f
  GoogleSignIn: 5651ce3a61e56ca864160e79b484cd9ed3f49b7a
  GoogleUtilities: 1d20a6ad97ef46f67bbdec158ce00563a671ebb7
  GTMAppAuth: 0ff230db599948a9ad7470ca667337803b3fc4dd
  GTMSessionFetcher: ffbb25ec00ebcb5201adab0a56d808f6f1902d9f
  ImageSlideshow: be305b54eaf2b2cfc7a7141c7c734605d44dc07d
  JGProgressHUD: d83d7a981b85d11205e19ff8ad5bb9c40571c847
  LineChart: de75393c5047512a39be45525a79e49d69b3c9bc
  Loaf: d69937cd00649f3fa260beb8b7aef0a1feb861ef
  MOLH: e45827d200aeb1310641090fd8cd03ad2b42ae72
  nanopb: b552cce312b6c8484180ef47159bc0f65a1f0431
  netfox: 9d5cc727fe7576c4c7688a2504618a156b7d44b7
  NVActivityIndicatorView: 1f6c5687f1171810aa27a3296814dc2d7dec3667
  OneSignal: 8861a1407c321ca1ae59d3adca6286eb7caf9d6e
  PromisesObjC: ab77feca74fa2823e7af4249b8326368e61014cb
  SDWebImage: e5cc87bf736e60f49592f307bdf9e157189298a3
  SideMenu: f583187d21c5b1dd04c72002be544b555a2627a2
  StepIndicator: 748b293f671355b021253f82031ac002f153dc81
  SwiftAlgorithms: 38dda4731d19027fdeee1125f973111bf3386b53
  TPKeyboardAvoidingSwift: ce1a75e0bc3af6b485f8bfa1d0a8320cfc565851

PODFILE CHECKSUM: 9fd2b84e674a3662a909f6bb46b55e1f71c69db6

COCOAPODS: 1.12.0
